# This file is automatically @generated by Cargo.
# It is not intended for manual editing.
version = 3

[[package]]
name = "dependency"
version = "0.1.0"
dependencies = [
 "library",
]

[[package]]
name = "hello_world"
version = "0.1.0"

[[package]]
name = "lessons"
version = "0.1.0"

[[package]]
name = "library"
version = "0.1.0"

[[package]]
name = "memory_management"
version = "0.1.0"

[[package]]
name = "stdin-out"
version = "0.1.0"

[[package]]
name = "variables"
version = "0.1.0"
